
Microsoft Visual Studio Solution File, Format Version 12.00
# Visual Studio Version 17
VisualStudioVersion = 17.14.36705.20 d17.14
MinimumVisualStudioVersion = 10.0.40219.1
Project("{FAE04EC0-301F-11D3-BF4B-00C04F79EFBC}") = "PruebaTecnicaWaveME", "PruebaTecnicaWaveME\PruebaTecnicaWaveME.csproj", "{4C3B6AFC-4694-4509-B346-8E999086845E}"
EndProject
Project("{FAE04EC0-301F-11D3-BF4B-00C04F79EFBC}") = "Datos", "Datos\Datos.csproj", "{1D82D239-EBA5-49D6-8694-DCDC5A524F4D}"
EndProject
Project("{FAE04EC0-301F-11D3-BF4B-00C04F79EFBC}") = "Dominio", "Dominio\Dominio.csproj", "{44A03728-906C-43BB-857E-D5A66A860D0A}"
EndProject
Global
	GlobalSection(SolutionConfigurationPlatforms) = preSolution
		Debug|Any CPU = Debug|Any CPU
		Release|Any CPU = Release|Any CPU
	EndGlobalSection
	GlobalSection(ProjectConfigurationPlatforms) = postSolution
		{4C3B6AFC-4694-4509-B346-8E999086845E}.Debug|Any CPU.ActiveCfg = Debug|Any CPU
		{4C3B6AFC-4694-4509-B346-8E999086845E}.Debug|Any CPU.Build.0 = Debug|Any CPU
		{4C3B6AFC-4694-4509-B346-8E999086845E}.Release|Any CPU.ActiveCfg = Release|Any CPU
		{4C3B6AFC-4694-4509-B346-8E999086845E}.Release|Any CPU.Build.0 = Release|Any CPU
		{1D82D239-EBA5-49D6-8694-DCDC5A524F4D}.Debug|Any CPU.ActiveCfg = Debug|Any CPU
		{1D82D239-EBA5-49D6-8694-DCDC5A524F4D}.Debug|Any CPU.Build.0 = Debug|Any CPU
		{1D82D239-EBA5-49D6-8694-DCDC5A524F4D}.Release|Any CPU.ActiveCfg = Release|Any CPU
		{1D82D239-EBA5-49D6-8694-DCDC5A524F4D}.Release|Any CPU.Build.0 = Release|Any CPU
		{44A03728-906C-43BB-857E-D5A66A860D0A}.Debug|Any CPU.ActiveCfg = Debug|Any CPU
		{44A03728-906C-43BB-857E-D5A66A860D0A}.Debug|Any CPU.Build.0 = Debug|Any CPU
		{44A03728-906C-43BB-857E-D5A66A860D0A}.Release|Any CPU.ActiveCfg = Release|Any CPU
		{44A03728-906C-43BB-857E-D5A66A860D0A}.Release|Any CPU.Build.0 = Release|Any CPU
	EndGlobalSection
	GlobalSection(SolutionProperties) = preSolution
		HideSolutionNode = FALSE
	EndGlobalSection
	GlobalSection(ExtensibilityGlobals) = postSolution
		SolutionGuid = {DFFA9FA9-6C91-459F-B7B9-01FA1FD5E098}
	EndGlobalSection
EndGlobal
